// !$*UTF8*$!
{
	archiveVersion = 1;
	classes = {
	};
	objectVersion = 46;
	objects = {

/* Begin PBXBuildFile section */
		9F21AA57636C94A394AC5DEA /* libPods.a in Frameworks */ = {isa = PBXBuildFile; fileRef = F0B46D16338F72FD0D9074DA /* libPods.a */; };
		C001E11C1B5505F2001B0CB2 /* NewsModel.swift in Sources */ = {isa = PBXBuildFile; fileRef = C001E11B1B5505F2001B0CB2 /* NewsModel.swift */; };
		C003966D1B90118600B0112D /* Tools.swift in Sources */ = {isa = PBXBuildFile; fileRef = C003966C1B90118600B0112D /* Tools.swift */; };
		C00396731B903DF400B0112D /* DS-DIGI.TTF in Resources */ = {isa = PBXBuildFile; fileRef = C003966F1B903DF400B0112D /* DS-DIGI.TTF */; };
		C00396741B903DF400B0112D /* DS-DIGIB.TTF in Resources */ = {isa = PBXBuildFile; fileRef = C00396701B903DF400B0112D /* DS-DIGIB.TTF */; };
		C00396751B903DF400B0112D /* lijinheiW8.TTF in Resources */ = {isa = PBXBuildFile; fileRef = C00396711B903DF400B0112D /* lijinheiW8.TTF */; };
		C00396761B903DF400B0112D /* StencilStd.ttf in Resources */ = {isa = PBXBuildFile; fileRef = C00396721B903DF400B0112D /* StencilStd.ttf */; };
		C03FC6871B736185006A5EB3 /* SXTableViewController.swift in Sources */ = {isa = PBXBuildFile; fileRef = C03FC6861B736185006A5EB3 /* SXTableViewController.swift */; };
		C042E4E81B4CBC4C008EB38B /* AppDelegate.swift in Sources */ = {isa = PBXBuildFile; fileRef = C042E4E71B4CBC4C008EB38B /* AppDelegate.swift */; };
		C042E4EA1B4CBC4C008EB38B /* ViewController.swift in Sources */ = {isa = PBXBuildFile; fileRef = C042E4E91B4CBC4C008EB38B /* ViewController.swift */; };
		C042E4ED1B4CBC4C008EB38B /* Main.storyboard in Resources */ = {isa = PBXBuildFile; fileRef = C042E4EB1B4CBC4C008EB38B /* Main.storyboard */; };
		C042E4EF1B4CBC4C008EB38B /* Images.xcassets in Resources */ = {isa = PBXBuildFile; fileRef = C042E4EE1B4CBC4C008EB38B /* Images.xcassets */; };
		C042E4FE1B4CBC4D008EB38B /* News163Tests.swift in Sources */ = {isa = PBXBuildFile; fileRef = C042E4FD1B4CBC4D008EB38B /* News163Tests.swift */; };
		C042E50C1B4CC0BE008EB38B /* NetworkTools.swift in Sources */ = {isa = PBXBuildFile; fileRef = C042E50B1B4CC0BE008EB38B /* NetworkTools.swift */; };
		C04C13621B8FEF0F00C4CC07 /* DetailController.swift in Sources */ = {isa = PBXBuildFile; fileRef = C04C13611B8FEF0F00C4CC07 /* DetailController.swift */; };
		C065088A1B8F0C92000AA55D /* BarButton.swift in Sources */ = {isa = PBXBuildFile; fileRef = C06508891B8F0C92000AA55D /* BarButton.swift */; };
		C065088C1B8F0DC0000AA55D /* TabBar.swift in Sources */ = {isa = PBXBuildFile; fileRef = C065088B1B8F0DC0000AA55D /* TabBar.swift */; };
		C06508BC1B8F1820000AA55D /* MainTabBarController.swift in Sources */ = {isa = PBXBuildFile; fileRef = C06508BB1B8F1820000AA55D /* MainTabBarController.swift */; };
		C06AF1771B8D57AC00AF11DC /* NewsURLs.plist in Resources */ = {isa = PBXBuildFile; fileRef = C06AF1761B8D57AC00AF11DC /* NewsURLs.plist */; };
		C06AF1791B8DA77F00AF11DC /* WeatherModel.swift in Sources */ = {isa = PBXBuildFile; fileRef = C06AF1781B8DA77F00AF11DC /* WeatherModel.swift */; };
		C06AF17E1B8DA96200AF11DC /* WeatherView.swift in Sources */ = {isa = PBXBuildFile; fileRef = C06AF17D1B8DA96200AF11DC /* WeatherView.swift */; };
		C06AF1801B8DAD9500AF11DC /* WeatherView.xib in Resources */ = {isa = PBXBuildFile; fileRef = C06AF17F1B8DAD9500AF11DC /* WeatherView.xib */; };
		C06AF1831B8DBF2E00AF11DC /* WeatherDetail.swift in Sources */ = {isa = PBXBuildFile; fileRef = C06AF1821B8DBF2E00AF11DC /* WeatherDetail.swift */; };
		C075BCCD1B6F693500E7B2D0 /* SXTitleLabel.swift in Sources */ = {isa = PBXBuildFile; fileRef = C075BCCC1B6F693500E7B2D0 /* SXTitleLabel.swift */; };
		C075BCCF1B6F6E7F00E7B2D0 /* SXMainViewController.swift in Sources */ = {isa = PBXBuildFile; fileRef = C075BCCE1B6F6E7F00E7B2D0 /* SXMainViewController.swift */; };
		C075BCD11B6F6EA100E7B2D0 /* SXNewsViewController.swift in Sources */ = {isa = PBXBuildFile; fileRef = C075BCD01B6F6EA100E7B2D0 /* SXNewsViewController.swift */; };
		C091E8211B9D25E700C427D6 /* ReplyModel.swift in Sources */ = {isa = PBXBuildFile; fileRef = C091E8201B9D25E700C427D6 /* ReplyModel.swift */; };
		C091E8231B9D622500C427D6 /* ReplyController.swift in Sources */ = {isa = PBXBuildFile; fileRef = C091E8221B9D622500C427D6 /* ReplyController.swift */; };
		C091E8251B9D670600C427D6 /* ReplyCell.swift in Sources */ = {isa = PBXBuildFile; fileRef = C091E8241B9D670600C427D6 /* ReplyCell.swift */; };
		C09663F91B9683E800A19E3E /* DetailModel.swift in Sources */ = {isa = PBXBuildFile; fileRef = C09663F81B9683E800A19E3E /* DetailModel.swift */; };
		C099C53C1B8329130048D984 /* SXNewsCell.swift in Sources */ = {isa = PBXBuildFile; fileRef = C099C53B1B8329130048D984 /* SXNewsCell.swift */; };
		C099C53E1B832AC90048D984 /* News.storyboard in Resources */ = {isa = PBXBuildFile; fileRef = C099C53D1B832AC90048D984 /* News.storyboard */; };
		C0CDE7761B8C6F43001AE183 /* UIView+Frame.swift in Sources */ = {isa = PBXBuildFile; fileRef = C0CDE7751B8C6F43001AE183 /* UIView+Frame.swift */; };
		C0CDE7781B8C6FC5001AE183 /* SXHTTPManager.swift in Sources */ = {isa = PBXBuildFile; fileRef = C0CDE7771B8C6FC5001AE183 /* SXHTTPManager.swift */; };
		C0CDE77B1B8C7456001AE183 /* SXDetails.css in Resources */ = {isa = PBXBuildFile; fileRef = C0CDE7791B8C7456001AE183 /* SXDetails.css */; };
		C0CDE77C1B8C7456001AE183 /* TemplateIcon2x.png in Resources */ = {isa = PBXBuildFile; fileRef = C0CDE77A1B8C7456001AE183 /* TemplateIcon2x.png */; };
/* End PBXBuildFile section */

/* Begin PBXContainerItemProxy section */
		C042E4F81B4CBC4D008EB38B /* PBXContainerItemProxy */ = {
			isa = PBXContainerItemProxy;
			containerPortal = C042E4DA1B4CBC4C008EB38B /* Project object */;
			proxyType = 1;
			remoteGlobalIDString = C042E4E11B4CBC4C008EB38B;
			remoteInfo = News163;
		};
/* End PBXContainerItemProxy section */

/* Begin PBXFileReference section */
		601188854FC37E67F01F3AFC /* Pods.debug.xcconfig */ = {isa = PBXFileReference; includeInIndex = 1; lastKnownFileType = text.xcconfig; name = Pods.debug.xcconfig; path = "Pods/Target Support Files/Pods/Pods.debug.xcconfig"; sourceTree = "<group>"; };
		BDD7F2E4697C3F2DC5A1A78A /* Pods.release.xcconfig */ = {isa = PBXFileReference; includeInIndex = 1; lastKnownFileType = text.xcconfig; name = Pods.release.xcconfig; path = "Pods/Target Support Files/Pods/Pods.release.xcconfig"; sourceTree = "<group>"; };
		C001E11B1B5505F2001B0CB2 /* NewsModel.swift */ = {isa = PBXFileReference; fileEncoding = 4; lastKnownFileType = sourcecode.swift; path = NewsModel.swift; sourceTree = "<group>"; };
		C003966C1B90118600B0112D /* Tools.swift */ = {isa = PBXFileReference; fileEncoding = 4; lastKnownFileType = sourcecode.swift; path = Tools.swift; sourceTree = "<group>"; };
		C003966F1B903DF400B0112D /* DS-DIGI.TTF */ = {isa = PBXFileReference; lastKnownFileType = file; path = "DS-DIGI.TTF"; sourceTree = "<group>"; };
		C00396701B903DF400B0112D /* DS-DIGIB.TTF */ = {isa = PBXFileReference; lastKnownFileType = file; path = "DS-DIGIB.TTF"; sourceTree = "<group>"; };
		C00396711B903DF400B0112D /* lijinheiW8.TTF */ = {isa = PBXFileReference; lastKnownFileType = file; path = lijinheiW8.TTF; sourceTree = "<group>"; };
		C00396721B903DF400B0112D /* StencilStd.ttf */ = {isa = PBXFileReference; lastKnownFileType = file; path = StencilStd.ttf; sourceTree = "<group>"; };
		C03FC6861B736185006A5EB3 /* SXTableViewController.swift */ = {isa = PBXFileReference; fileEncoding = 4; lastKnownFileType = sourcecode.swift; path = SXTableViewController.swift; sourceTree = "<group>"; };
		C042E4E21B4CBC4C008EB38B /* News163.app */ = {isa = PBXFileReference; explicitFileType = wrapper.application; includeInIndex = 0; path = News163.app; sourceTree = BUILT_PRODUCTS_DIR; };
		C042E4E61B4CBC4C008EB38B /* Info.plist */ = {isa = PBXFileReference; lastKnownFileType = text.plist.xml; path = Info.plist; sourceTree = "<group>"; };
		C042E4E71B4CBC4C008EB38B /* AppDelegate.swift */ = {isa = PBXFileReference; lastKnownFileType = sourcecode.swift; path = AppDelegate.swift; sourceTree = "<group>"; };
		C042E4E91B4CBC4C008EB38B /* ViewController.swift */ = {isa = PBXFileReference; lastKnownFileType = sourcecode.swift; path = ViewController.swift; sourceTree = "<group>"; };
		C042E4EC1B4CBC4C008EB38B /* Base */ = {isa = PBXFileReference; lastKnownFileType = file.storyboard; name = Base; path = Base.lproj/Main.storyboard; sourceTree = "<group>"; };
		C042E4EE1B4CBC4C008EB38B /* Images.xcassets */ = {isa = PBXFileReference; lastKnownFileType = folder.assetcatalog; path = Images.xcassets; sourceTree = "<group>"; };
		C042E4F71B4CBC4D008EB38B /* News163Tests.xctest */ = {isa = PBXFileReference; explicitFileType = wrapper.cfbundle; includeInIndex = 0; path = News163Tests.xctest; sourceTree = BUILT_PRODUCTS_DIR; };
		C042E4FC1B4CBC4D008EB38B /* Info.plist */ = {isa = PBXFileReference; lastKnownFileType = text.plist.xml; path = Info.plist; sourceTree = "<group>"; };
		C042E4FD1B4CBC4D008EB38B /* News163Tests.swift */ = {isa = PBXFileReference; lastKnownFileType = sourcecode.swift; path = News163Tests.swift; sourceTree = "<group>"; };
		C042E5081B4CC07B008EB38B /* News163-Bridging-Header.h */ = {isa = PBXFileReference; lastKnownFileType = sourcecode.c.h; path = "News163-Bridging-Header.h"; sourceTree = "<group>"; };
		C042E50B1B4CC0BE008EB38B /* NetworkTools.swift */ = {isa = PBXFileReference; fileEncoding = 4; lastKnownFileType = sourcecode.swift; path = NetworkTools.swift; sourceTree = "<group>"; };
		C04C13611B8FEF0F00C4CC07 /* DetailController.swift */ = {isa = PBXFileReference; fileEncoding = 4; lastKnownFileType = sourcecode.swift; path = DetailController.swift; sourceTree = "<group>"; };
		C06508891B8F0C92000AA55D /* BarButton.swift */ = {isa = PBXFileReference; fileEncoding = 4; lastKnownFileType = sourcecode.swift; path = BarButton.swift; sourceTree = "<group>"; };
		C065088B1B8F0DC0000AA55D /* TabBar.swift */ = {isa = PBXFileReference; fileEncoding = 4; lastKnownFileType = sourcecode.swift; path = TabBar.swift; sourceTree = "<group>"; };
		C06508BB1B8F1820000AA55D /* MainTabBarController.swift */ = {isa = PBXFileReference; fileEncoding = 4; lastKnownFileType = sourcecode.swift; path = MainTabBarController.swift; sourceTree = "<group>"; };
		C06AF1761B8D57AC00AF11DC /* NewsURLs.plist */ = {isa = PBXFileReference; fileEncoding = 4; lastKnownFileType = text.plist.xml; path = NewsURLs.plist; sourceTree = "<group>"; };
		C06AF1781B8DA77F00AF11DC /* WeatherModel.swift */ = {isa = PBXFileReference; fileEncoding = 4; lastKnownFileType = sourcecode.swift; path = WeatherModel.swift; sourceTree = "<group>"; };
		C06AF17D1B8DA96200AF11DC /* WeatherView.swift */ = {isa = PBXFileReference; fileEncoding = 4; lastKnownFileType = sourcecode.swift; path = WeatherView.swift; sourceTree = "<group>"; };
		C06AF17F1B8DAD9500AF11DC /* WeatherView.xib */ = {isa = PBXFileReference; fileEncoding = 4; lastKnownFileType = file.xib; path = WeatherView.xib; sourceTree = "<group>"; };
		C06AF1821B8DBF2E00AF11DC /* WeatherDetail.swift */ = {isa = PBXFileReference; fileEncoding = 4; lastKnownFileType = sourcecode.swift; path = WeatherDetail.swift; sourceTree = "<group>"; };
		C075BCCC1B6F693500E7B2D0 /* SXTitleLabel.swift */ = {isa = PBXFileReference; fileEncoding = 4; lastKnownFileType = sourcecode.swift; path = SXTitleLabel.swift; sourceTree = "<group>"; };
		C075BCCE1B6F6E7F00E7B2D0 /* SXMainViewController.swift */ = {isa = PBXFileReference; fileEncoding = 4; lastKnownFileType = sourcecode.swift; path = SXMainViewController.swift; sourceTree = "<group>"; };
		C075BCD01B6F6EA100E7B2D0 /* SXNewsViewController.swift */ = {isa = PBXFileReference; fileEncoding = 4; lastKnownFileType = sourcecode.swift; path = SXNewsViewController.swift; sourceTree = "<group>"; };
		C091E8201B9D25E700C427D6 /* ReplyModel.swift */ = {isa = PBXFileReference; fileEncoding = 4; lastKnownFileType = sourcecode.swift; path = ReplyModel.swift; sourceTree = "<group>"; };
		C091E8221B9D622500C427D6 /* ReplyController.swift */ = {isa = PBXFileReference; fileEncoding = 4; lastKnownFileType = sourcecode.swift; path = ReplyController.swift; sourceTree = "<group>"; };
		C091E8241B9D670600C427D6 /* ReplyCell.swift */ = {isa = PBXFileReference; fileEncoding = 4; lastKnownFileType = sourcecode.swift; path = ReplyCell.swift; sourceTree = "<group>"; };
		C09663F81B9683E800A19E3E /* DetailModel.swift */ = {isa = PBXFileReference; fileEncoding = 4; lastKnownFileType = sourcecode.swift; path = DetailModel.swift; sourceTree = "<group>"; };
		C099C53B1B8329130048D984 /* SXNewsCell.swift */ = {isa = PBXFileReference; fileEncoding = 4; lastKnownFileType = sourcecode.swift; path = SXNewsCell.swift; sourceTree = "<group>"; };
		C099C53D1B832AC90048D984 /* News.storyboard */ = {isa = PBXFileReference; fileEncoding = 4; lastKnownFileType = file.storyboard; path = News.storyboard; sourceTree = "<group>"; };
		C0CDE7751B8C6F43001AE183 /* UIView+Frame.swift */ = {isa = PBXFileReference; fileEncoding = 4; lastKnownFileType = sourcecode.swift; path = "UIView+Frame.swift"; sourceTree = "<group>"; };
		C0CDE7771B8C6FC5001AE183 /* SXHTTPManager.swift */ = {isa = PBXFileReference; fileEncoding = 4; lastKnownFileType = sourcecode.swift; path = SXHTTPManager.swift; sourceTree = "<group>"; };
		C0CDE7791B8C7456001AE183 /* SXDetails.css */ = {isa = PBXFileReference; fileEncoding = 4; lastKnownFileType = text.css; path = SXDetails.css; sourceTree = "<group>"; };
		C0CDE77A1B8C7456001AE183 /* TemplateIcon2x.png */ = {isa = PBXFileReference; lastKnownFileType = image.png; path = TemplateIcon2x.png; sourceTree = "<group>"; };
		F0B46D16338F72FD0D9074DA /* libPods.a */ = {isa = PBXFileReference; explicitFileType = archive.ar; includeInIndex = 0; path = libPods.a; sourceTree = BUILT_PRODUCTS_DIR; };
/* End PBXFileReference section */

/* Begin PBXFrameworksBuildPhase section */
		C042E4DF1B4CBC4C008EB38B /* Frameworks */ = {
			isa = PBXFrameworksBuildPhase;
			buildActionMask = 2147483647;
			files = (
				9F21AA57636C94A394AC5DEA /* libPods.a in Frameworks */,
			);
			runOnlyForDeploymentPostprocessing = 0;
		};
		C042E4F41B4CBC4D008EB38B /* Frameworks */ = {
			isa = PBXFrameworksBuildPhase;
			buildActionMask = 2147483647;
			files = (
			);
			runOnlyForDeploymentPostprocessing = 0;
		};
/* End PBXFrameworksBuildPhase section */

/* Begin PBXGroup section */
		4715D2B7655CF966637C8134 /* Frameworks */ = {
			isa = PBXGroup;
			children = (
				F0B46D16338F72FD0D9074DA /* libPods.a */,
			);
			name = Frameworks;
			sourceTree = "<group>";
		};
		93F4407802E04CD8043E6CF9 /* Pods */ = {
			isa = PBXGroup;
			children = (
				601188854FC37E67F01F3AFC /* Pods.debug.xcconfig */,
				BDD7F2E4697C3F2DC5A1A78A /* Pods.release.xcconfig */,
			);
			name = Pods;
			sourceTree = "<group>";
		};
		C003966E1B903DE800B0112D /* Font */ = {
			isa = PBXGroup;
			children = (
				C003966F1B903DF400B0112D /* DS-DIGI.TTF */,
				C00396701B903DF400B0112D /* DS-DIGIB.TTF */,
				C00396711B903DF400B0112D /* lijinheiW8.TTF */,
				C00396721B903DF400B0112D /* StencilStd.ttf */,
			);
			path = Font;
			sourceTree = "<group>";
		};
		C03FC6851B736170006A5EB3 /* News */ = {
			isa = PBXGroup;
			children = (
				C03FC6861B736185006A5EB3 /* SXTableViewController.swift */,
				C099C53B1B8329130048D984 /* SXNewsCell.swift */,
				C04C13611B8FEF0F00C4CC07 /* DetailController.swift */,
				C091E8221B9D622500C427D6 /* ReplyController.swift */,
				C091E8241B9D670600C427D6 /* ReplyCell.swift */,
				C099C53D1B832AC90048D984 /* News.storyboard */,
			);
			path = News;
			sourceTree = "<group>";
		};
		C042E4D91B4CBC4C008EB38B = {
			isa = PBXGroup;
			children = (
				C042E4E41B4CBC4C008EB38B /* News163 */,
				C042E4FA1B4CBC4D008EB38B /* News163Tests */,
				C042E4E31B4CBC4C008EB38B /* Products */,
				93F4407802E04CD8043E6CF9 /* Pods */,
				4715D2B7655CF966637C8134 /* Frameworks */,
			);
			sourceTree = "<group>";
		};
		C042E4E31B4CBC4C008EB38B /* Products */ = {
			isa = PBXGroup;
			children = (
				C042E4E21B4CBC4C008EB38B /* News163.app */,
				C042E4F71B4CBC4D008EB38B /* News163Tests.xctest */,
			);
			name = Products;
			sourceTree = "<group>";
		};
		C042E4E41B4CBC4C008EB38B /* News163 */ = {
			isa = PBXGroup;
			children = (
				C06508881B8F0C7B000AA55D /* Tab */,
				C06AF17C1B8DA95100AF11DC /* Weather */,
				C0CDE7741B8C6F32001AE183 /* Other */,
				C03FC6851B736170006A5EB3 /* News */,
				C075BCC91B6F67E300E7B2D0 /* Main */,
				C042E5071B4CBF6E008EB38B /* Tools */,
				C042E4E71B4CBC4C008EB38B /* AppDelegate.swift */,
				C042E4E91B4CBC4C008EB38B /* ViewController.swift */,
				C042E4EB1B4CBC4C008EB38B /* Main.storyboard */,
				C042E4EE1B4CBC4C008EB38B /* Images.xcassets */,
				C042E4E51B4CBC4C008EB38B /* Supporting Files */,
				C042E5081B4CC07B008EB38B /* News163-Bridging-Header.h */,
			);
			path = News163;
			sourceTree = "<group>";
		};
		C042E4E51B4CBC4C008EB38B /* Supporting Files */ = {
			isa = PBXGroup;
			children = (
				C06AF1761B8D57AC00AF11DC /* NewsURLs.plist */,
				C042E4E61B4CBC4C008EB38B /* Info.plist */,
			);
			name = "Supporting Files";
			sourceTree = "<group>";
		};
		C042E4FA1B4CBC4D008EB38B /* News163Tests */ = {
			isa = PBXGroup;
			children = (
				C042E4FD1B4CBC4D008EB38B /* News163Tests.swift */,
				C042E4FB1B4CBC4D008EB38B /* Supporting Files */,
			);
			path = News163Tests;
			sourceTree = "<group>";
		};
		C042E4FB1B4CBC4D008EB38B /* Supporting Files */ = {
			isa = PBXGroup;
			children = (
				C042E4FC1B4CBC4D008EB38B /* Info.plist */,
			);
			name = "Supporting Files";
			sourceTree = "<group>";
		};
		C042E5071B4CBF6E008EB38B /* Tools */ = {
			isa = PBXGroup;
			children = (
				C003966E1B903DE800B0112D /* Font */,
				C042E50B1B4CC0BE008EB38B /* NetworkTools.swift */,
				C003966C1B90118600B0112D /* Tools.swift */,
				C001E11B1B5505F2001B0CB2 /* NewsModel.swift */,
				C09663F81B9683E800A19E3E /* DetailModel.swift */,
				C06AF1781B8DA77F00AF11DC /* WeatherModel.swift */,
				C091E8201B9D25E700C427D6 /* ReplyModel.swift */,
				C06AF1821B8DBF2E00AF11DC /* WeatherDetail.swift */,
			);
			path = Tools;
			sourceTree = "<group>";
		};
		C06508881B8F0C7B000AA55D /* Tab */ = {
			isa = PBXGroup;
			children = (
				C06508BB1B8F1820000AA55D /* MainTabBarController.swift */,
				C06508891B8F0C92000AA55D /* BarButton.swift */,
				C065088B1B8F0DC0000AA55D /* TabBar.swift */,
			);
			path = Tab;
			sourceTree = "<group>";
		};
		C06AF17C1B8DA95100AF11DC /* Weather */ = {
			isa = PBXGroup;
			children = (
				C06AF17D1B8DA96200AF11DC /* WeatherView.swift */,
				C06AF17F1B8DAD9500AF11DC /* WeatherView.xib */,
			);
			path = Weather;
			sourceTree = "<group>";
		};
		C075BCC91B6F67E300E7B2D0 /* Main */ = {
			isa = PBXGroup;
			children = (
				C075BCCC1B6F693500E7B2D0 /* SXTitleLabel.swift */,
				C075BCCE1B6F6E7F00E7B2D0 /* SXMainViewController.swift */,
				C075BCD01B6F6EA100E7B2D0 /* SXNewsViewController.swift */,
			);
			path = Main;
			sourceTree = "<group>";
		};
		C0CDE7741B8C6F32001AE183 /* Other */ = {
			isa = PBXGroup;
			children = (
				C0CDE7751B8C6F43001AE183 /* UIView+Frame.swift */,
				C0CDE7771B8C6FC5001AE183 /* SXHTTPManager.swift */,
				C0CDE7791B8C7456001AE183 /* SXDetails.css */,
				C0CDE77A1B8C7456001AE183 /* TemplateIcon2x.png */,
			);
			path = Other;
			sourceTree = "<group>";
		};
/* End PBXGroup section */

/* Begin PBXNativeTarget section */
		C042E4E11B4CBC4C008EB38B /* News163 */ = {
			isa = PBXNativeTarget;
			buildConfigurationList = C042E5011B4CBC4D008EB38B /* Build configuration list for PBXNativeTarget "News163" */;
			buildPhases = (
				8716FEBB917E25CD5B482D61 /* Check Pods Manifest.lock */,
				C042E4DE1B4CBC4C008EB38B /* Sources */,
				C042E4DF1B4CBC4C008EB38B /* Frameworks */,
				C042E4E01B4CBC4C008EB38B /* Resources */,
				5A8F669DF9F7259B53B2CA71 /* Copy Pods Resources */,
			);
			buildRules = (
			);
			dependencies = (
			);
			name = News163;
			productName = News163;
			productReference = C042E4E21B4CBC4C008EB38B /* News163.app */;
			productType = "com.apple.product-type.application";
		};
		C042E4F61B4CBC4D008EB38B /* News163Tests */ = {
			isa = PBXNativeTarget;
			buildConfigurationList = C042E5041B4CBC4D008EB38B /* Build configuration list for PBXNativeTarget "News163Tests" */;
			buildPhases = (
				C042E4F31B4CBC4D008EB38B /* Sources */,
				C042E4F41B4CBC4D008EB38B /* Frameworks */,
				C042E4F51B4CBC4D008EB38B /* Resources */,
			);
			buildRules = (
			);
			dependencies = (
				C042E4F91B4CBC4D008EB38B /* PBXTargetDependency */,
			);
			name = News163Tests;
			productName = News163Tests;
			productReference = C042E4F71B4CBC4D008EB38B /* News163Tests.xctest */;
			productType = "com.apple.product-type.bundle.unit-test";
		};
/* End PBXNativeTarget section */

/* Begin PBXProject section */
		C042E4DA1B4CBC4C008EB38B /* Project object */ = {
			isa = PBXProject;
			attributes = {
				LastUpgradeCheck = 0640;
				ORGANIZATIONNAME = panqiang;
				TargetAttributes = {
					C042E4E11B4CBC4C008EB38B = {
						CreatedOnToolsVersion = 6.4;
						DevelopmentTeam = 74YPS92A5B;
					};
					C042E4F61B4CBC4D008EB38B = {
						CreatedOnToolsVersion = 6.4;
						TestTargetID = C042E4E11B4CBC4C008EB38B;
					};
				};
			};
			buildConfigurationList = C042E4DD1B4CBC4C008EB38B /* Build configuration list for PBXProject "News163" */;
			compatibilityVersion = "Xcode 3.2";
			developmentRegion = English;
			hasScannedForEncodings = 0;
			knownRegions = (
				en,
				Base,
			);
			mainGroup = C042E4D91B4CBC4C008EB38B;
			productRefGroup = C042E4E31B4CBC4C008EB38B /* Products */;
			projectDirPath = "";
			projectRoot = "";
			targets = (
				C042E4E11B4CBC4C008EB38B /* News163 */,
				C042E4F61B4CBC4D008EB38B /* News163Tests */,
			);
		};
/* End PBXProject section */

/* Begin PBXResourcesBuildPhase section */
		C042E4E01B4CBC4C008EB38B /* Resources */ = {
			isa = PBXResourcesBuildPhase;
			buildActionMask = 2147483647;
			files = (
				C00396731B903DF400B0112D /* DS-DIGI.TTF in Resources */,
				C00396741B903DF400B0112D /* DS-DIGIB.TTF in Resources */,
				C042E4ED1B4CBC4C008EB38B /* Main.storyboard in Resources */,
				C00396751B903DF400B0112D /* lijinheiW8.TTF in Resources */,
				C06AF1771B8D57AC00AF11DC /* NewsURLs.plist in Resources */,
				C00396761B903DF400B0112D /* StencilStd.ttf in Resources */,
				C099C53E1B832AC90048D984 /* News.storyboard in Resources */,
				C0CDE77B1B8C7456001AE183 /* SXDetails.css in Resources */,
				C06AF1801B8DAD9500AF11DC /* WeatherView.xib in Resources */,
				C042E4EF1B4CBC4C008EB38B /* Images.xcassets in Resources */,
				C0CDE77C1B8C7456001AE183 /* TemplateIcon2x.png in Resources */,
			);
			runOnlyForDeploymentPostprocessing = 0;
		};
		C042E4F51B4CBC4D008EB38B /* Resources */ = {
			isa = PBXResourcesBuildPhase;
			buildActionMask = 2147483647;
			files = (
			);
			runOnlyForDeploymentPostprocessing = 0;
		};
/* End PBXResourcesBuildPhase section */

/* Begin PBXShellScriptBuildPhase section */
		5A8F669DF9F7259B53B2CA71 /* Copy Pods Resources */ = {
			isa = PBXShellScriptBuildPhase;
			buildActionMask = 2147483647;
			files = (
			);
			inputPaths = (
			);
			name = "Copy Pods Resources";
			outputPaths = (
			);
			runOnlyForDeploymentPostprocessing = 0;
			shellPath = /bin/sh;
			shellScript = "\"${SRCROOT}/Pods/Target Support Files/Pods/Pods-resources.sh\"\n";
			showEnvVarsInLog = 0;
		};
		8716FEBB917E25CD5B482D61 /* Check Pods Manifest.lock */ = {
			isa = PBXShellScriptBuildPhase;
			buildActionMask = 2147483647;
			files = (
			);
			inputPaths = (
			);
			name = "Check Pods Manifest.lock";
			outputPaths = (
			);
			runOnlyForDeploymentPostprocessing = 0;
			shellPath = /bin/sh;
			shellScript = "diff \"${PODS_ROOT}/../Podfile.lock\" \"${PODS_ROOT}/Manifest.lock\" > /dev/null\nif [[ $? != 0 ]] ; then\n    cat << EOM\nerror: The sandbox is not in sync with the Podfile.lock. Run 'pod install' or update your CocoaPods installation.\nEOM\n    exit 1\nfi\n";
			showEnvVarsInLog = 0;
		};
/* End PBXShellScriptBuildPhase section */

/* Begin PBXSourcesBuildPhase section */
		C042E4DE1B4CBC4C008EB38B /* Sources */ = {
			isa = PBXSourcesBuildPhase;
			buildActionMask = 2147483647;
			files = (
				C001E11C1B5505F2001B0CB2 /* NewsModel.swift in Sources */,
				C04C13621B8FEF0F00C4CC07 /* DetailController.swift in Sources */,
				C06508BC1B8F1820000AA55D /* MainTabBarController.swift in Sources */,
				C065088A1B8F0C92000AA55D /* BarButton.swift in Sources */,
				C099C53C1B8329130048D984 /* SXNewsCell.swift in Sources */,
				C091E8211B9D25E700C427D6 /* ReplyModel.swift in Sources */,
				C042E4EA1B4CBC4C008EB38B /* ViewController.swift in Sources */,
				C06AF17E1B8DA96200AF11DC /* WeatherView.swift in Sources */,
				C091E8251B9D670600C427D6 /* ReplyCell.swift in Sources */,
				C06AF1791B8DA77F00AF11DC /* WeatherModel.swift in Sources */,
				C075BCCF1B6F6E7F00E7B2D0 /* SXMainViewController.swift in Sources */,
				C075BCCD1B6F693500E7B2D0 /* SXTitleLabel.swift in Sources */,
				C075BCD11B6F6EA100E7B2D0 /* SXNewsViewController.swift in Sources */,
				C03FC6871B736185006A5EB3 /* SXTableViewController.swift in Sources */,
				C0CDE7761B8C6F43001AE183 /* UIView+Frame.swift in Sources */,
				C042E4E81B4CBC4C008EB38B /* AppDelegate.swift in Sources */,
				C042E50C1B4CC0BE008EB38B /* NetworkTools.swift in Sources */,
				C091E8231B9D622500C427D6 /* ReplyController.swift in Sources */,
				C0CDE7781B8C6FC5001AE183 /* SXHTTPManager.swift in Sources */,
				C09663F91B9683E800A19E3E /* DetailModel.swift in Sources */,
				C06AF1831B8DBF2E00AF11DC /* WeatherDetail.swift in Sources */,
				C003966D1B90118600B0112D /* Tools.swift in Sources */,
				C065088C1B8F0DC0000AA55D /* TabBar.swift in Sources */,
			);
			runOnlyForDeploymentPostprocessing = 0;
		};
		C042E4F31B4CBC4D008EB38B /* Sources */ = {
			isa = PBXSourcesBuildPhase;
			buildActionMask = 2147483647;
			files = (
				C042E4FE1B4CBC4D008EB38B /* News163Tests.swift in Sources */,
			);
			runOnlyForDeploymentPostprocessing = 0;
		};
/* End PBXSourcesBuildPhase section */

/* Begin PBXTargetDependency section */
		C042E4F91B4CBC4D008EB38B /* PBXTargetDependency */ = {
			isa = PBXTargetDependency;
			target = C042E4E11B4CBC4C008EB38B /* News163 */;
			targetProxy = C042E4F81B4CBC4D008EB38B /* PBXContainerItemProxy */;
		};
/* End PBXTargetDependency section */

/* Begin PBXVariantGroup section */
		C042E4EB1B4CBC4C008EB38B /* Main.storyboard */ = {
			isa = PBXVariantGroup;
			children = (
				C042E4EC1B4CBC4C008EB38B /* Base */,
			);
			name = Main.storyboard;
			sourceTree = "<group>";
		};
/* End PBXVariantGroup section */

/* Begin XCBuildConfiguration section */
		C042E4FF1B4CBC4D008EB38B /* Debug */ = {
			isa = XCBuildConfiguration;
			buildSettings = {
				ALWAYS_SEARCH_USER_PATHS = NO;
				CLANG_CXX_LANGUAGE_STANDARD = "gnu++0x";
				CLANG_CXX_LIBRARY = "libc++";
				CLANG_ENABLE_MODULES = YES;
				CLANG_ENABLE_OBJC_ARC = YES;
				CLANG_WARN_BOOL_CONVERSION = YES;
				CLANG_WARN_CONSTANT_CONVERSION = YES;
				CLANG_WARN_DIRECT_OBJC_ISA_USAGE = YES_ERROR;
				CLANG_WARN_EMPTY_BODY = YES;
				CLANG_WARN_ENUM_CONVERSION = YES;
				CLANG_WARN_INT_CONVERSION = YES;
				CLANG_WARN_OBJC_ROOT_CLASS = YES_ERROR;
				CLANG_WARN_UNREACHABLE_CODE = YES;
				CLANG_WARN__DUPLICATE_METHOD_MATCH = YES;
				"CODE_SIGN_IDENTITY[sdk=iphoneos*]" = "iPhone Developer";
				COPY_PHASE_STRIP = NO;
				DEBUG_INFORMATION_FORMAT = "dwarf-with-dsym";
				ENABLE_STRICT_OBJC_MSGSEND = YES;
				GCC_C_LANGUAGE_STANDARD = gnu99;
				GCC_DYNAMIC_NO_PIC = NO;
				GCC_NO_COMMON_BLOCKS = YES;
				GCC_OPTIMIZATION_LEVEL = 0;
				GCC_PREPROCESSOR_DEFINITIONS = (
					"DEBUG=1",
					"$(inherited)",
				);
				GCC_SYMBOLS_PRIVATE_EXTERN = NO;
				GCC_WARN_64_TO_32_BIT_CONVERSION = YES;
				GCC_WARN_ABOUT_RETURN_TYPE = YES_ERROR;
				GCC_WARN_UNDECLARED_SELECTOR = YES;
				GCC_WARN_UNINITIALIZED_AUTOS = YES_AGGRESSIVE;
				GCC_WARN_UNUSED_FUNCTION = YES;
				GCC_WARN_UNUSED_VARIABLE = YES;
				IPHONEOS_DEPLOYMENT_TARGET = 8.0;
				MTL_ENABLE_DEBUG_INFO = YES;
				ONLY_ACTIVE_ARCH = YES;
				SDKROOT = iphoneos;
				SWIFT_OPTIMIZATION_LEVEL = "-Onone";
				TARGETED_DEVICE_FAMILY = "1,2";
			};
			name = Debug;
		};
		C042E5001B4CBC4D008EB38B /* Release */ = {
			isa = XCBuildConfiguration;
			buildSettings = {
				ALWAYS_SEARCH_USER_PATHS = NO;
				CLANG_CXX_LANGUAGE_STANDARD = "gnu++0x";
				CLANG_CXX_LIBRARY = "libc++";
				CLANG_ENABLE_MODULES = YES;
				CLANG_ENABLE_OBJC_ARC = YES;
				CLANG_WARN_BOOL_CONVERSION = YES;
				CLANG_WARN_CONSTANT_CONVERSION = YES;
				CLANG_WARN_DIRECT_OBJC_ISA_USAGE = YES_ERROR;
				CLANG_WARN_EMPTY_BODY = YES;
				CLANG_WARN_ENUM_CONVERSION = YES;
				CLANG_WARN_INT_CONVERSION = YES;
				CLANG_WARN_OBJC_ROOT_CLASS = YES_ERROR;
				CLANG_WARN_UNREACHABLE_CODE = YES;
				CLANG_WARN__DUPLICATE_METHOD_MATCH = YES;
				"CODE_SIGN_IDENTITY[sdk=iphoneos*]" = "iPhone Developer";
				COPY_PHASE_STRIP = NO;
				DEBUG_INFORMATION_FORMAT = "dwarf-with-dsym";
				ENABLE_NS_ASSERTIONS = NO;
				ENABLE_STRICT_OBJC_MSGSEND = YES;
				GCC_C_LANGUAGE_STANDARD = gnu99;
				GCC_NO_COMMON_BLOCKS = YES;
				GCC_WARN_64_TO_32_BIT_CONVERSION = YES;
				GCC_WARN_ABOUT_RETURN_TYPE = YES_ERROR;
				GCC_WARN_UNDECLARED_SELECTOR = YES;
				GCC_WARN_UNINITIALIZED_AUTOS = YES_AGGRESSIVE;
				GCC_WARN_UNUSED_FUNCTION = YES;
				GCC_WARN_UNUSED_VARIABLE = YES;
				IPHONEOS_DEPLOYMENT_TARGET = 8.0;
				MTL_ENABLE_DEBUG_INFO = NO;
				SDKROOT = iphoneos;
				TARGETED_DEVICE_FAMILY = "1,2";
				VALIDATE_PRODUCT = YES;
			};
			name = Release;
		};
		C042E5021B4CBC4D008EB38B /* Debug */ = {
			isa = XCBuildConfiguration;
			baseConfigurationReference = 601188854FC37E67F01F3AFC /* Pods.debug.xcconfig */;
			buildSettings = {
				ASSETCATALOG_COMPILER_APPICON_NAME = AppIcon;
				ASSETCATALOG_COMPILER_LAUNCHIMAGE_NAME = LaunchImage;
				CLANG_ENABLE_MODULES = YES;
				CODE_SIGN_IDENTITY = "iPhone Developer";
				INFOPLIST_FILE = News163/Info.plist;
				LD_RUNPATH_SEARCH_PATHS = "$(inherited) @executable_path/Frameworks";
				PRODUCT_NAME = "$(TARGET_NAME)";
				SWIFT_OBJC_BRIDGING_HEADER = "News163/News163-Bridging-Header.h";
				SWIFT_OPTIMIZATION_LEVEL = "-Onone";
			};
			name = Debug;
		};
		C042E5031B4CBC4D008EB38B /* Release */ = {
			isa = XCBuildConfiguration;
			baseConfigurationReference = BDD7F2E4697C3F2DC5A1A78A /* Pods.release.xcconfig */;
			buildSettings = {
				ASSETCATALOG_COMPILER_APPICON_NAME = AppIcon;
				ASSETCATALOG_COMPILER_LAUNCHIMAGE_NAME = LaunchImage;
				CLANG_ENABLE_MODULES = YES;
				CODE_SIGN_IDENTITY = "iPhone Developer";
				INFOPLIST_FILE = News163/Info.plist;
				LD_RUNPATH_SEARCH_PATHS = "$(inherited) @executable_path/Frameworks";
				PRODUCT_NAME = "$(TARGET_NAME)";
				SWIFT_OBJC_BRIDGING_HEADER = "News163/News163-Bridging-Header.h";
			};
			name = Release;
		};
		C042E5051B4CBC4D008EB38B /* Debug */ = {
			isa = XCBuildConfiguration;
			buildSettings = {
				BUNDLE_LOADER = "$(TEST_HOST)";
				FRAMEWORK_SEARCH_PATHS = (
					"$(SDKROOT)/Developer/Library/Frameworks",
					"$(inherited)",
				);
				GCC_PREPROCESSOR_DEFINITIONS = (
					"DEBUG=1",
					"$(inherited)",
				);
				INFOPLIST_FILE = News163Tests/Info.plist;
				LD_RUNPATH_SEARCH_PATHS = "$(inherited) @executable_path/Frameworks @loader_path/Frameworks";
				PRODUCT_NAME = "$(TARGET_NAME)";
				TEST_HOST = "$(BUILT_PRODUCTS_DIR)/News163.app/News163";
			};
			name = Debug;
		};
		C042E5061B4CBC4D008EB38B /* Release */ = {
			isa = XCBuildConfiguration;
			buildSettings = {
				BUNDLE_LOADER = "$(TEST_HOST)";
				FRAMEWORK_SEARCH_PATHS = (
					"$(SDKROOT)/Developer/Library/Frameworks",
					"$(inherited)",
				);
				INFOPLIST_FILE = News163Tests/Info.plist;
				LD_RUNPATH_SEARCH_PATHS = "$(inherited) @executable_path/Frameworks @loader_path/Frameworks";
				PRODUCT_NAME = "$(TARGET_NAME)";
				TEST_HOST = "$(BUILT_PRODUCTS_DIR)/News163.app/News163";
			};
			name = Release;
		};
/* End XCBuildConfiguration section */

/* Begin XCConfigurationList section */
		C042E4DD1B4CBC4C008EB38B /* Build configuration list for PBXProject "News163" */ = {
			isa = XCConfigurationList;
			buildConfigurations = (
				C042E4FF1B4CBC4D008EB38B /* Debug */,
				C042E5001B4CBC4D008EB38B /* Release */,
			);
			defaultConfigurationIsVisible = 0;
			defaultConfigurationName = Release;
		};
		C042E5011B4CBC4D008EB38B /* Build configuration list for PBXNativeTarget "News163" */ = {
			isa = XCConfigurationList;
			buildConfigurations = (
				C042E5021B4CBC4D008EB38B /* Debug */,
				C042E5031B4CBC4D008EB38B /* Release */,
			);
			defaultConfigurationIsVisible = 0;
			defaultConfigurationName = Release;
		};
		C042E5041B4CBC4D008EB38B /* Build configuration list for PBXNativeTarget "News163Tests" */ = {
			isa = XCConfigurationList;
			buildConfigurations = (
				C042E5051B4CBC4D008EB38B /* Debug */,
				C042E5061B4CBC4D008EB38B /* Release */,
			);
			defaultConfigurationIsVisible = 0;
			defaultConfigurationName = Release;
		};
/* End XCConfigurationList section */
	};
	rootObject = C042E4DA1B4CBC4C008EB38B /* Project object */;
}
